
Microsoft Visual Studio Solution File, Format Version 12.00
# Visual Studio Version 16
VisualStudioVersion = 16.0.30804.86
MinimumVisualStudioVersion = 10.0.40219.1
Project("{8BC9CEB8-8B4A-11D0-8D11-00A0C91BC942}") = "Arrey  Example - 4", "Arrey  Example - 4.vcxproj", "{754F4EB2-D1C0-4A40-AC3B-EB48C15E7019}"
EndProject
Global
	GlobalSection(SolutionConfigurationPlatforms) = preSolution
		Debug|x64 = Debug|x64
		Debug|x86 = Debug|x86
		Release|x64 = Release|x64
		Release|x86 = Release|x86
	EndGlobalSection
	GlobalSection(ProjectConfigurationPlatforms) = postSolution
		{754F4EB2-D1C0-4A40-AC3B-EB48C15E7019}.Debug|x64.ActiveCfg = Debug|x64
		{754F4EB2-D1C0-4A40-AC3B-EB48C15E7019}.Debug|x64.Build.0 = Debug|x64
		{754F4EB2-D1C0-4A40-AC3B-EB48C15E7019}.Debug|x86.ActiveCfg = Debug|Win32
		{754F4EB2-D1C0-4A40-AC3B-EB48C15E7019}.Debug|x86.Build.0 = Debug|Win32
		{754F4EB2-D1C0-4A40-AC3B-EB48C15E7019}.Release|x64.ActiveCfg = Release|x64
		{754F4EB2-D1C0-4A40-AC3B-EB48C15E7019}.Release|x64.Build.0 = Release|x64
		{754F4EB2-D1C0-4A40-AC3B-EB48C15E7019}.Release|x86.ActiveCfg = Release|Win32
		{754F4EB2-D1C0-4A40-AC3B-EB48C15E7019}.Release|x86.Build.0 = Release|Win32
	EndGlobalSection
	GlobalSection(SolutionProperties) = preSolution
		HideSolutionNode = FALSE
	EndGlobalSection
	GlobalSection(ExtensibilityGlobals) = postSolution
		SolutionGuid = {4A5C55F7-1FF9-41C7-A45D-503E4AE9A772}
	EndGlobalSection
EndGlobal
