
Microsoft Visual Studio Solution File, Format Version 12.00
# Visual Studio Version 16
VisualStudioVersion = 16.0.30907.101
MinimumVisualStudioVersion = 10.0.40219.1
Project("{8BC9CEB8-8B4A-11D0-8D11-00A0C91BC942}") = "Dynamic Memory Managent 2 Calloc - Free", "Dynamic Memory Managent 2 Calloc - Free.vcxproj", "{7D431ACD-68BF-492F-AB17-F71C5F298AAB}"
EndProject
Global
	GlobalSection(SolutionConfigurationPlatforms) = preSolution
		Debug|x64 = Debug|x64
		Debug|x86 = Debug|x86
		Release|x64 = Release|x64
		Release|x86 = Release|x86
	EndGlobalSection
	GlobalSection(ProjectConfigurationPlatforms) = postSolution
		{7D431ACD-68BF-492F-AB17-F71C5F298AAB}.Debug|x64.ActiveCfg = Debug|x64
		{7D431ACD-68BF-492F-AB17-F71C5F298AAB}.Debug|x64.Build.0 = Debug|x64
		{7D431ACD-68BF-492F-AB17-F71C5F298AAB}.Debug|x86.ActiveCfg = Debug|Win32
		{7D431ACD-68BF-492F-AB17-F71C5F298AAB}.Debug|x86.Build.0 = Debug|Win32
		{7D431ACD-68BF-492F-AB17-F71C5F298AAB}.Release|x64.ActiveCfg = Release|x64
		{7D431ACD-68BF-492F-AB17-F71C5F298AAB}.Release|x64.Build.0 = Release|x64
		{7D431ACD-68BF-492F-AB17-F71C5F298AAB}.Release|x86.ActiveCfg = Release|Win32
		{7D431ACD-68BF-492F-AB17-F71C5F298AAB}.Release|x86.Build.0 = Release|Win32
	EndGlobalSection
	GlobalSection(SolutionProperties) = preSolution
		HideSolutionNode = FALSE
	EndGlobalSection
	GlobalSection(ExtensibilityGlobals) = postSolution
		SolutionGuid = {009C8AD2-66FE-471C-BAF2-D6CCE726C123}
	EndGlobalSection
EndGlobal
