
Microsoft Visual Studio Solution File, Format Version 12.00
# Visual Studio Version 16
VisualStudioVersion = 16.0.30907.101
MinimumVisualStudioVersion = 10.0.40219.1
Project("{8BC9CEB8-8B4A-11D0-8D11-00A0C91BC942}") = "Pointer Examples 8 Memcpy İmplementation", "Pointer Examples 8 Memcpy İmplementation.vcxproj", "{01B24B0F-207D-4CC3-ADE5-F6DD248C3D99}"
EndProject
Global
	GlobalSection(SolutionConfigurationPlatforms) = preSolution
		Debug|x64 = Debug|x64
		Debug|x86 = Debug|x86
		Release|x64 = Release|x64
		Release|x86 = Release|x86
	EndGlobalSection
	GlobalSection(ProjectConfigurationPlatforms) = postSolution
		{01B24B0F-207D-4CC3-ADE5-F6DD248C3D99}.Debug|x64.ActiveCfg = Debug|x64
		{01B24B0F-207D-4CC3-ADE5-F6DD248C3D99}.Debug|x64.Build.0 = Debug|x64
		{01B24B0F-207D-4CC3-ADE5-F6DD248C3D99}.Debug|x86.ActiveCfg = Debug|Win32
		{01B24B0F-207D-4CC3-ADE5-F6DD248C3D99}.Debug|x86.Build.0 = Debug|Win32
		{01B24B0F-207D-4CC3-ADE5-F6DD248C3D99}.Release|x64.ActiveCfg = Release|x64
		{01B24B0F-207D-4CC3-ADE5-F6DD248C3D99}.Release|x64.Build.0 = Release|x64
		{01B24B0F-207D-4CC3-ADE5-F6DD248C3D99}.Release|x86.ActiveCfg = Release|Win32
		{01B24B0F-207D-4CC3-ADE5-F6DD248C3D99}.Release|x86.Build.0 = Release|Win32
	EndGlobalSection
	GlobalSection(SolutionProperties) = preSolution
		HideSolutionNode = FALSE
	EndGlobalSection
	GlobalSection(ExtensibilityGlobals) = postSolution
		SolutionGuid = {4D300402-E6E9-4202-B4AC-F550B89693DD}
	EndGlobalSection
EndGlobal
