
Microsoft Visual Studio Solution File, Format Version 12.00
# Visual Studio Version 16
VisualStudioVersion = 16.0.30804.86
MinimumVisualStudioVersion = 10.0.40219.1
Project("{8BC9CEB8-8B4A-11D0-8D11-00A0C91BC942}") = "Strings", "Strings.vcxproj", "{26480B76-79E3-4445-BABC-654A244724AC}"
EndProject
Global
	GlobalSection(SolutionConfigurationPlatforms) = preSolution
		Debug|x64 = Debug|x64
		Debug|x86 = Debug|x86
		Release|x64 = Release|x64
		Release|x86 = Release|x86
	EndGlobalSection
	GlobalSection(ProjectConfigurationPlatforms) = postSolution
		{26480B76-79E3-4445-BABC-654A244724AC}.Debug|x64.ActiveCfg = Debug|x64
		{26480B76-79E3-4445-BABC-654A244724AC}.Debug|x64.Build.0 = Debug|x64
		{26480B76-79E3-4445-BABC-654A244724AC}.Debug|x86.ActiveCfg = Debug|Win32
		{26480B76-79E3-4445-BABC-654A244724AC}.Debug|x86.Build.0 = Debug|Win32
		{26480B76-79E3-4445-BABC-654A244724AC}.Release|x64.ActiveCfg = Release|x64
		{26480B76-79E3-4445-BABC-654A244724AC}.Release|x64.Build.0 = Release|x64
		{26480B76-79E3-4445-BABC-654A244724AC}.Release|x86.ActiveCfg = Release|Win32
		{26480B76-79E3-4445-BABC-654A244724AC}.Release|x86.Build.0 = Release|Win32
	EndGlobalSection
	GlobalSection(SolutionProperties) = preSolution
		HideSolutionNode = FALSE
	EndGlobalSection
	GlobalSection(ExtensibilityGlobals) = postSolution
		SolutionGuid = {0B5C783C-4230-4567-9640-6BAFB27933DD}
	EndGlobalSection
EndGlobal
